
Microsoft Visual Studio Solution File, Format Version 12.00
# Visual Studio Version 17
VisualStudioVersion = 17.0.32112.339
MinimumVisualStudioVersion = 10.0.40219.1
Project("{FAE04EC0-301F-11D3-BF4B-00C04F79EFBC}") = "EdugraphCore", "EdugraphCore\EdugraphCore.csproj", "{1D6E69FE-9836-4CBC-9A68-BF7216D416FA}"
EndProject
Global
	GlobalSection(SolutionConfigurationPlatforms) = preSolution
		Debug|Any CPU = Debug|Any CPU
		Release|Any CPU = Release|Any CPU
	EndGlobalSection
	GlobalSection(ProjectConfigurationPlatforms) = postSolution
		{1D6E69FE-9836-4CBC-9A68-BF7216D416FA}.Debug|Any CPU.ActiveCfg = Debug|Any CPU
		{1D6E69FE-9836-4CBC-9A68-BF7216D416FA}.Debug|Any CPU.Build.0 = Debug|Any CPU
		{1D6E69FE-9836-4CBC-9A68-BF7216D416FA}.Release|Any CPU.ActiveCfg = Release|Any CPU
		{1D6E69FE-9836-4CBC-9A68-BF7216D416FA}.Release|Any CPU.Build.0 = Release|Any CPU
	EndGlobalSection
	GlobalSection(SolutionProperties) = preSolution
		HideSolutionNode = FALSE
	EndGlobalSection
	GlobalSection(ExtensibilityGlobals) = postSolution
		SolutionGuid = {17B3EC8A-4C99-441D-83EB-FB56AF174296}
	EndGlobalSection
EndGlobal
